
Microsoft Visual Studio Solution File, Format Version 12.00
# Visual Studio Version 17
VisualStudioVersion = 17.9.34723.18
MinimumVisualStudioVersion = 10.0.40219.1
Project("{FAE04EC0-301F-11D3-BF4B-00C04F79EFBC}") = "BinanceApplication", "BinanceApplication.csproj", "{8131B740-0089-4E26-9649-DD22495B2C99}"
EndProject
Global
	GlobalSection(SolutionConfigurationPlatforms) = preSolution
		Debug|Any CPU = Debug|Any CPU
		Release|Any CPU = Release|Any CPU
	EndGlobalSection
	GlobalSection(ProjectConfigurationPlatforms) = postSolution
		{8131B740-0089-4E26-9649-DD22495B2C99}.Debug|Any CPU.ActiveCfg = Debug|Any CPU
		{8131B740-0089-4E26-9649-DD22495B2C99}.Debug|Any CPU.Build.0 = Debug|Any CPU
		{8131B740-0089-4E26-9649-DD22495B2C99}.Release|Any CPU.ActiveCfg = Release|Any CPU
		{8131B740-0089-4E26-9649-DD22495B2C99}.Release|Any CPU.Build.0 = Release|Any CPU
	EndGlobalSection
	GlobalSection(SolutionProperties) = preSolution
		HideSolutionNode = FALSE
	EndGlobalSection
	GlobalSection(ExtensibilityGlobals) = postSolution
		SolutionGuid = {CBEAA2ED-E5F4-4844-B90D-34DDB6E9AE8C}
	EndGlobalSection
EndGlobal
