
Microsoft Visual Studio Solution File, Format Version 12.00
# Visual Studio Version 17
VisualStudioVersion = 17.9.34723.18
MinimumVisualStudioVersion = 10.0.40219.1
Project("{2150E333-8FDC-42A3-9474-1A3956D46DE8}") = "Core", "Core", "{7E463864-D741-429A-AA6E-2149794041A1}"
EndProject
Project("{2150E333-8FDC-42A3-9474-1A3956D46DE8}") = "Infrastructure", "Infrastructure", "{9486F5D1-2A37-4C68-A804-61C85428CE14}"
EndProject
Project("{2150E333-8FDC-42A3-9474-1A3956D46DE8}") = "Presentation", "Presentation", "{DAE448D4-C48B-4BAF-B3DB-4CC1D4CC1404}"
EndProject
Project("{2150E333-8FDC-42A3-9474-1A3956D46DE8}") = "Solution Items", "Solution Items", "{48FEDDFE-A453-49AC-A2B9-C827BD93363E}"
	ProjectSection(SolutionItems) = preProject
		docker-compose.yml = docker-compose.yml
		Instructions.txt = Instructions.txt
	EndProjectSection
EndProject
Project("{9A19103F-16F7-4668-BE54-9A1E7A4F7556}") = "BinanceApplication.BLL", "BinanceApplication.BLL\BinanceApplication.BLL.csproj", "{E29CF5D8-3E0A-4430-ABC1-7DA9825CF09F}"
EndProject
Project("{9A19103F-16F7-4668-BE54-9A1E7A4F7556}") = "BinanceApplication.API", "Api\BinanceApplication.API.csproj", "{0DBED5C6-019F-4D69-B416-00792AB52ADF}"
EndProject
Project("{9A19103F-16F7-4668-BE54-9A1E7A4F7556}") = "BinanceApplication.Infrastructure", "BinanceApplication.Infrastructure.Data\BinanceApplication.Infrastructure.csproj", "{4E21B674-BA72-4376-BE32-D84538B50E4E}"
EndProject
Global
	GlobalSection(SolutionConfigurationPlatforms) = preSolution
		Debug|Any CPU = Debug|Any CPU
		Release|Any CPU = Release|Any CPU
	EndGlobalSection
	GlobalSection(ProjectConfigurationPlatforms) = postSolution
		{E29CF5D8-3E0A-4430-ABC1-7DA9825CF09F}.Debug|Any CPU.ActiveCfg = Debug|Any CPU
		{E29CF5D8-3E0A-4430-ABC1-7DA9825CF09F}.Debug|Any CPU.Build.0 = Debug|Any CPU
		{E29CF5D8-3E0A-4430-ABC1-7DA9825CF09F}.Release|Any CPU.ActiveCfg = Release|Any CPU
		{E29CF5D8-3E0A-4430-ABC1-7DA9825CF09F}.Release|Any CPU.Build.0 = Release|Any CPU
		{0DBED5C6-019F-4D69-B416-00792AB52ADF}.Debug|Any CPU.ActiveCfg = Debug|Any CPU
		{0DBED5C6-019F-4D69-B416-00792AB52ADF}.Debug|Any CPU.Build.0 = Debug|Any CPU
		{0DBED5C6-019F-4D69-B416-00792AB52ADF}.Release|Any CPU.ActiveCfg = Release|Any CPU
		{0DBED5C6-019F-4D69-B416-00792AB52ADF}.Release|Any CPU.Build.0 = Release|Any CPU
		{4E21B674-BA72-4376-BE32-D84538B50E4E}.Debug|Any CPU.ActiveCfg = Debug|Any CPU
		{4E21B674-BA72-4376-BE32-D84538B50E4E}.Debug|Any CPU.Build.0 = Debug|Any CPU
		{4E21B674-BA72-4376-BE32-D84538B50E4E}.Release|Any CPU.ActiveCfg = Release|Any CPU
		{4E21B674-BA72-4376-BE32-D84538B50E4E}.Release|Any CPU.Build.0 = Release|Any CPU
	EndGlobalSection
	GlobalSection(SolutionProperties) = preSolution
		HideSolutionNode = FALSE
	EndGlobalSection
	GlobalSection(NestedProjects) = preSolution
		{E29CF5D8-3E0A-4430-ABC1-7DA9825CF09F} = {7E463864-D741-429A-AA6E-2149794041A1}
		{0DBED5C6-019F-4D69-B416-00792AB52ADF} = {DAE448D4-C48B-4BAF-B3DB-4CC1D4CC1404}
		{4E21B674-BA72-4376-BE32-D84538B50E4E} = {9486F5D1-2A37-4C68-A804-61C85428CE14}
	EndGlobalSection
	GlobalSection(ExtensibilityGlobals) = postSolution
		SolutionGuid = {CBEAA2ED-E5F4-4844-B90D-34DDB6E9AE8C}
	EndGlobalSection
EndGlobal
